// !$*UTF8*$!
{
	archiveVersion = 1;
	classes = {
	};
	objectVersion = 56;
	objects = {

/* Begin PBXBuildFile section */
		B746B5532A8E28BE00F7E972 /* CoustomType.swift in Sources */ = {isa = PBXBuildFile; fileRef = B746B5522A8E28BE00F7E972 /* CoustomType.swift */; };
		B746B5562A8E2A5A00F7E972 /* Home.swift in Sources */ = {isa = PBXBuildFile; fileRef = B746B5552A8E2A5A00F7E972 /* Home.swift */; };
		B746B5582A8E2A6B00F7E972 /* Cards.swift in Sources */ = {isa = PBXBuildFile; fileRef = B746B5572A8E2A6B00F7E972 /* Cards.swift */; };
		B746B55A2A8E2D4D00F7E972 /* SearchField.swift in Sources */ = {isa = PBXBuildFile; fileRef = B746B5592A8E2D4D00F7E972 /* SearchField.swift */; };
		B746B55C2A8E340A00F7E972 /* CoustomAppbar.swift in Sources */ = {isa = PBXBuildFile; fileRef = B746B55B2A8E340A00F7E972 /* CoustomAppbar.swift */; };
		B79DB8002A8C09E500809BCB /* FoodDesaignApp.swift in Sources */ = {isa = PBXBuildFile; fileRef = B79DB7FF2A8C09E500809BCB /* FoodDesaignApp.swift */; };
		B79DB8022A8C09E500809BCB /* ContentView.swift in Sources */ = {isa = PBXBuildFile; fileRef = B79DB8012A8C09E500809BCB /* ContentView.swift */; };
		B79DB8042A8C09E700809BCB /* Assets.xcassets in Resources */ = {isa = PBXBuildFile; fileRef = B79DB8032A8C09E700809BCB /* Assets.xcassets */; };
		B79DB8072A8C09E700809BCB /* Preview Assets.xcassets in Resources */ = {isa = PBXBuildFile; fileRef = B79DB8062A8C09E700809BCB /* Preview Assets.xcassets */; };
		B79DB80F2A8C0A3B00809BCB /* CoustomCardFood.swift in Sources */ = {isa = PBXBuildFile; fileRef = B79DB80E2A8C0A3B00809BCB /* CoustomCardFood.swift */; };
/* End PBXBuildFile section */

/* Begin PBXFileReference section */
		B746B5522A8E28BE00F7E972 /* CoustomType.swift */ = {isa = PBXFileReference; lastKnownFileType = sourcecode.swift; path = CoustomType.swift; sourceTree = "<group>"; };
		B746B5552A8E2A5A00F7E972 /* Home.swift */ = {isa = PBXFileReference; lastKnownFileType = sourcecode.swift; path = Home.swift; sourceTree = "<group>"; };
		B746B5572A8E2A6B00F7E972 /* Cards.swift */ = {isa = PBXFileReference; lastKnownFileType = sourcecode.swift; path = Cards.swift; sourceTree = "<group>"; };
		B746B5592A8E2D4D00F7E972 /* SearchField.swift */ = {isa = PBXFileReference; lastKnownFileType = sourcecode.swift; path = SearchField.swift; sourceTree = "<group>"; };
		B746B55B2A8E340A00F7E972 /* CoustomAppbar.swift */ = {isa = PBXFileReference; lastKnownFileType = sourcecode.swift; path = CoustomAppbar.swift; sourceTree = "<group>"; };
		B79DB7FC2A8C09E500809BCB /* FoodDesaign.app */ = {isa = PBXFileReference; explicitFileType = wrapper.application; includeInIndex = 0; path = FoodDesaign.app; sourceTree = BUILT_PRODUCTS_DIR; };
		B79DB7FF2A8C09E500809BCB /* FoodDesaignApp.swift */ = {isa = PBXFileReference; lastKnownFileType = sourcecode.swift; path = FoodDesaignApp.swift; sourceTree = "<group>"; };
		B79DB8012A8C09E500809BCB /* ContentView.swift */ = {isa = PBXFileReference; lastKnownFileType = sourcecode.swift; path = ContentView.swift; sourceTree = "<group>"; };
		B79DB8032A8C09E700809BCB /* Assets.xcassets */ = {isa = PBXFileReference; lastKnownFileType = folder.assetcatalog; path = Assets.xcassets; sourceTree = "<group>"; };
		B79DB8062A8C09E700809BCB /* Preview Assets.xcassets */ = {isa = PBXFileReference; lastKnownFileType = folder.assetcatalog; path = "Preview Assets.xcassets"; sourceTree = "<group>"; };
		B79DB80E2A8C0A3B00809BCB /* CoustomCardFood.swift */ = {isa = PBXFileReference; lastKnownFileType = sourcecode.swift; path = CoustomCardFood.swift; sourceTree = "<group>"; };
/* End PBXFileReference section */

/* Begin PBXFrameworksBuildPhase section */
		B79DB7F92A8C09E500809BCB /* Frameworks */ = {
			isa = PBXFrameworksBuildPhase;
			buildActionMask = 2147483647;
			files = (
			);
			runOnlyForDeploymentPostprocessing = 0;
		};
/* End PBXFrameworksBuildPhase section */

/* Begin PBXGroup section */
		B746B5542A8E2A4700F7E972 /* View */ = {
			isa = PBXGroup;
			children = (
				B746B5552A8E2A5A00F7E972 /* Home.swift */,
			);
			path = View;
			sourceTree = "<group>";
		};
		B79DB7F32A8C09E500809BCB = {
			isa = PBXGroup;
			children = (
				B79DB7FE2A8C09E500809BCB /* FoodDesaign */,
				B79DB7FD2A8C09E500809BCB /* Products */,
			);
			sourceTree = "<group>";
		};
		B79DB7FD2A8C09E500809BCB /* Products */ = {
			isa = PBXGroup;
			children = (
				B79DB7FC2A8C09E500809BCB /* FoodDesaign.app */,
			);
			name = Products;
			sourceTree = "<group>";
		};
		B79DB7FE2A8C09E500809BCB /* FoodDesaign */ = {
			isa = PBXGroup;
			children = (
				B746B5542A8E2A4700F7E972 /* View */,
				B79DB80D2A8C0A1100809BCB /* component */,
				B79DB7FF2A8C09E500809BCB /* FoodDesaignApp.swift */,
				B79DB8012A8C09E500809BCB /* ContentView.swift */,
				B79DB8032A8C09E700809BCB /* Assets.xcassets */,
				B79DB8052A8C09E700809BCB /* Preview Content */,
			);
			path = FoodDesaign;
			sourceTree = "<group>";
		};
		B79DB8052A8C09E700809BCB /* Preview Content */ = {
			isa = PBXGroup;
			children = (
				B79DB8062A8C09E700809BCB /* Preview Assets.xcassets */,
			);
			path = "Preview Content";
			sourceTree = "<group>";
		};
		B79DB80D2A8C0A1100809BCB /* component */ = {
			isa = PBXGroup;
			children = (
				B79DB80E2A8C0A3B00809BCB /* CoustomCardFood.swift */,
				B746B5522A8E28BE00F7E972 /* CoustomType.swift */,
				B746B5572A8E2A6B00F7E972 /* Cards.swift */,
				B746B5592A8E2D4D00F7E972 /* SearchField.swift */,
				B746B55B2A8E340A00F7E972 /* CoustomAppbar.swift */,
			);
			path = component;
			sourceTree = "<group>";
		};
/* End PBXGroup section */

/* Begin PBXNativeTarget section */
		B79DB7FB2A8C09E500809BCB /* FoodDesaign */ = {
			isa = PBXNativeTarget;
			buildConfigurationList = B79DB80A2A8C09E700809BCB /* Build configuration list for PBXNativeTarget "FoodDesaign" */;
			buildPhases = (
				B79DB7F82A8C09E500809BCB /* Sources */,
				B79DB7F92A8C09E500809BCB /* Frameworks */,
				B79DB7FA2A8C09E500809BCB /* Resources */,
			);
			buildRules = (
			);
			dependencies = (
			);
			name = FoodDesaign;
			productName = FoodDesaign;
			productReference = B79DB7FC2A8C09E500809BCB /* FoodDesaign.app */;
			productType = "com.apple.product-type.application";
		};
/* End PBXNativeTarget section */

/* Begin PBXProject section */
		B79DB7F42A8C09E500809BCB /* Project object */ = {
			isa = PBXProject;
			attributes = {
				BuildIndependentTargetsInParallel = 1;
				LastSwiftUpdateCheck = 1430;
				LastUpgradeCheck = 1430;
				TargetAttributes = {
					B79DB7FB2A8C09E500809BCB = {
						CreatedOnToolsVersion = 14.3.1;
					};
				};
			};
			buildConfigurationList = B79DB7F72A8C09E500809BCB /* Build configuration list for PBXProject "FoodDesaign" */;
			compatibilityVersion = "Xcode 14.0";
			developmentRegion = en;
			hasScannedForEncodings = 0;
			knownRegions = (
				en,
				Base,
			);
			mainGroup = B79DB7F32A8C09E500809BCB;
			productRefGroup = B79DB7FD2A8C09E500809BCB /* Products */;
			projectDirPath = "";
			projectRoot = "";
			targets = (
				B79DB7FB2A8C09E500809BCB /* FoodDesaign */,
			);
		};
/* End PBXProject section */

/* Begin PBXResourcesBuildPhase section */
		B79DB7FA2A8C09E500809BCB /* Resources */ = {
			isa = PBXResourcesBuildPhase;
			buildActionMask = 2147483647;
			files = (
				B79DB8072A8C09E700809BCB /* Preview Assets.xcassets in Resources */,
				B79DB8042A8C09E700809BCB /* Assets.xcassets in Resources */,
			);
			runOnlyForDeploymentPostprocessing = 0;
		};
/* End PBXResourcesBuildPhase section */

/* Begin PBXSourcesBuildPhase section */
		B79DB7F82A8C09E500809BCB /* Sources */ = {
			isa = PBXSourcesBuildPhase;
			buildActionMask = 2147483647;
			files = (
				B746B5532A8E28BE00F7E972 /* CoustomType.swift in Sources */,
				B79DB80F2A8C0A3B00809BCB /* CoustomCardFood.swift in Sources */,
				B746B5562A8E2A5A00F7E972 /* Home.swift in Sources */,
				B746B5582A8E2A6B00F7E972 /* Cards.swift in Sources */,
				B746B55A2A8E2D4D00F7E972 /* SearchField.swift in Sources */,
				B79DB8022A8C09E500809BCB /* ContentView.swift in Sources */,
				B746B55C2A8E340A00F7E972 /* CoustomAppbar.swift in Sources */,
				B79DB8002A8C09E500809BCB /* FoodDesaignApp.swift in Sources */,
			);
			runOnlyForDeploymentPostprocessing = 0;
		};
/* End PBXSourcesBuildPhase section */

/* Begin XCBuildConfiguration section */
		B79DB8082A8C09E700809BCB /* Debug */ = {
			isa = XCBuildConfiguration;
			buildSettings = {
				ALWAYS_SEARCH_USER_PATHS = NO;
				CLANG_ANALYZER_NONNULL = YES;
				CLANG_ANALYZER_NUMBER_OBJECT_CONVERSION = YES_AGGRESSIVE;
				CLANG_CXX_LANGUAGE_STANDARD = "gnu++20";
				CLANG_ENABLE_MODULES = YES;
				CLANG_ENABLE_OBJC_ARC = YES;
				CLANG_ENABLE_OBJC_WEAK = YES;
				CLANG_WARN_BLOCK_CAPTURE_AUTORELEASING = YES;
				CLANG_WARN_BOOL_CONVERSION = YES;
				CLANG_WARN_COMMA = YES;
				CLANG_WARN_CONSTANT_CONVERSION = YES;
				CLANG_WARN_DEPRECATED_OBJC_IMPLEMENTATIONS = YES;
				CLANG_WARN_DIRECT_OBJC_ISA_USAGE = YES_ERROR;
				CLANG_WARN_DOCUMENTATION_COMMENTS = YES;
				CLANG_WARN_EMPTY_BODY = YES;
				CLANG_WARN_ENUM_CONVERSION = YES;
				CLANG_WARN_INFINITE_RECURSION = YES;
				CLANG_WARN_INT_CONVERSION = YES;
				CLANG_WARN_NON_LITERAL_NULL_CONVERSION = YES;
				CLANG_WARN_OBJC_IMPLICIT_RETAIN_SELF = YES;
				CLANG_WARN_OBJC_LITERAL_CONVERSION = YES;
				CLANG_WARN_OBJC_ROOT_CLASS = YES_ERROR;
				CLANG_WARN_QUOTED_INCLUDE_IN_FRAMEWORK_HEADER = YES;
				CLANG_WARN_RANGE_LOOP_ANALYSIS = YES;
				CLANG_WARN_STRICT_PROTOTYPES = YES;
				CLANG_WARN_SUSPICIOUS_MOVE = YES;
				CLANG_WARN_UNGUARDED_AVAILABILITY = YES_AGGRESSIVE;
				CLANG_WARN_UNREACHABLE_CODE = YES;
				CLANG_WARN__DUPLICATE_METHOD_MATCH = YES;
				COPY_PHASE_STRIP = NO;
				DEBUG_INFORMATION_FORMAT = dwarf;
				ENABLE_STRICT_OBJC_MSGSEND = YES;
				ENABLE_TESTABILITY = YES;
				GCC_C_LANGUAGE_STANDARD = gnu11;
				GCC_DYNAMIC_NO_PIC = NO;
				GCC_NO_COMMON_BLOCKS = YES;
				GCC_OPTIMIZATION_LEVEL = 0;
				GCC_PREPROCESSOR_DEFINITIONS = (
					"DEBUG=1",
					"$(inherited)",
				);
				GCC_WARN_64_TO_32_BIT_CONVERSION = YES;
				GCC_WARN_ABOUT_RETURN_TYPE = YES_ERROR;
				GCC_WARN_UNDECLARED_SELECTOR = YES;
				GCC_WARN_UNINITIALIZED_AUTOS = YES_AGGRESSIVE;
				GCC_WARN_UNUSED_FUNCTION = YES;
				GCC_WARN_UNUSED_VARIABLE = YES;
				IPHONEOS_DEPLOYMENT_TARGET = 16.4;
				MTL_ENABLE_DEBUG_INFO = INCLUDE_SOURCE;
				MTL_FAST_MATH = YES;
				ONLY_ACTIVE_ARCH = YES;
				SDKROOT = iphoneos;
				SWIFT_ACTIVE_COMPILATION_CONDITIONS = DEBUG;
				SWIFT_OPTIMIZATION_LEVEL = "-Onone";
			};
			name = Debug;
		};
		B79DB8092A8C09E700809BCB /* Release */ = {
			isa = XCBuildConfiguration;
			buildSettings = {
				ALWAYS_SEARCH_USER_PATHS = NO;
				CLANG_ANALYZER_NONNULL = YES;
				CLANG_ANALYZER_NUMBER_OBJECT_CONVERSION = YES_AGGRESSIVE;
				CLANG_CXX_LANGUAGE_STANDARD = "gnu++20";
				CLANG_ENABLE_MODULES = YES;
				CLANG_ENABLE_OBJC_ARC = YES;
				CLANG_ENABLE_OBJC_WEAK = YES;
				CLANG_WARN_BLOCK_CAPTURE_AUTORELEASING = YES;
				CLANG_WARN_BOOL_CONVERSION = YES;
				CLANG_WARN_COMMA = YES;
				CLANG_WARN_CONSTANT_CONVERSION = YES;
				CLANG_WARN_DEPRECATED_OBJC_IMPLEMENTATIONS = YES;
				CLANG_WARN_DIRECT_OBJC_ISA_USAGE = YES_ERROR;
				CLANG_WARN_DOCUMENTATION_COMMENTS = YES;
				CLANG_WARN_EMPTY_BODY = YES;
				CLANG_WARN_ENUM_CONVERSION = YES;
				CLANG_WARN_INFINITE_RECURSION = YES;
				CLANG_WARN_INT_CONVERSION = YES;
				CLANG_WARN_NON_LITERAL_NULL_CONVERSION = YES;
				CLANG_WARN_OBJC_IMPLICIT_RETAIN_SELF = YES;
				CLANG_WARN_OBJC_LITERAL_CONVERSION = YES;
				CLANG_WARN_OBJC_ROOT_CLASS = YES_ERROR;
				CLANG_WARN_QUOTED_INCLUDE_IN_FRAMEWORK_HEADER = YES;
				CLANG_WARN_RANGE_LOOP_ANALYSIS = YES;
				CLANG_WARN_STRICT_PROTOTYPES = YES;
				CLANG_WARN_SUSPICIOUS_MOVE = YES;
				CLANG_WARN_UNGUARDED_AVAILABILITY = YES_AGGRESSIVE;
				CLANG_WARN_UNREACHABLE_CODE = YES;
				CLANG_WARN__DUPLICATE_METHOD_MATCH = YES;
				COPY_PHASE_STRIP = NO;
				DEBUG_INFORMATION_FORMAT = "dwarf-with-dsym";
				ENABLE_NS_ASSERTIONS = NO;
				ENABLE_STRICT_OBJC_MSGSEND = YES;
				GCC_C_LANGUAGE_STANDARD = gnu11;
				GCC_NO_COMMON_BLOCKS = YES;
				GCC_WARN_64_TO_32_BIT_CONVERSION = YES;
				GCC_WARN_ABOUT_RETURN_TYPE = YES_ERROR;
				GCC_WARN_UNDECLARED_SELECTOR = YES;
				GCC_WARN_UNINITIALIZED_AUTOS = YES_AGGRESSIVE;
				GCC_WARN_UNUSED_FUNCTION = YES;
				GCC_WARN_UNUSED_VARIABLE = YES;
				IPHONEOS_DEPLOYMENT_TARGET = 16.4;
				MTL_ENABLE_DEBUG_INFO = NO;
				MTL_FAST_MATH = YES;
				SDKROOT = iphoneos;
				SWIFT_COMPILATION_MODE = wholemodule;
				SWIFT_OPTIMIZATION_LEVEL = "-O";
				VALIDATE_PRODUCT = YES;
			};
			name = Release;
		};
		B79DB80B2A8C09E700809BCB /* Debug */ = {
			isa = XCBuildConfiguration;
			buildSettings = {
				ASSETCATALOG_COMPILER_APPICON_NAME = AppIcon;
				ASSETCATALOG_COMPILER_GLOBAL_ACCENT_COLOR_NAME = AccentColor;
				CODE_SIGN_STYLE = Automatic;
				CURRENT_PROJECT_VERSION = 1;
				DEVELOPMENT_ASSET_PATHS = "\"FoodDesaign/Preview Content\"";
				DEVELOPMENT_TEAM = W2U4CD5AB8;
				ENABLE_PREVIEWS = YES;
				GENERATE_INFOPLIST_FILE = YES;
				INFOPLIST_KEY_UIApplicationSceneManifest_Generation = YES;
				INFOPLIST_KEY_UIApplicationSupportsIndirectInputEvents = YES;
				INFOPLIST_KEY_UILaunchScreen_Generation = YES;
				INFOPLIST_KEY_UISupportedInterfaceOrientations_iPad = "UIInterfaceOrientationPortrait UIInterfaceOrientationPortraitUpsideDown UIInterfaceOrientationLandscapeLeft UIInterfaceOrientationLandscapeRight";
				INFOPLIST_KEY_UISupportedInterfaceOrientations_iPhone = "UIInterfaceOrientationPortrait UIInterfaceOrientationLandscapeLeft UIInterfaceOrientationLandscapeRight";
				LD_RUNPATH_SEARCH_PATHS = (
					"$(inherited)",
					"@executable_path/Frameworks",
				);
				MARKETING_VERSION = 1.0;
				PRODUCT_BUNDLE_IDENTIFIER = com.Solfa.FoodDesaign;
				PRODUCT_NAME = "$(TARGET_NAME)";
				SWIFT_EMIT_LOC_STRINGS = YES;
				SWIFT_VERSION = 5.0;
				TARGETED_DEVICE_FAMILY = "1,2";
			};
			name = Debug;
		};
		B79DB80C2A8C09E700809BCB /* Release */ = {
			isa = XCBuildConfiguration;
			buildSettings = {
				ASSETCATALOG_COMPILER_APPICON_NAME = AppIcon;
				ASSETCATALOG_COMPILER_GLOBAL_ACCENT_COLOR_NAME = AccentColor;
				CODE_SIGN_STYLE = Automatic;
				CURRENT_PROJECT_VERSION = 1;
				DEVELOPMENT_ASSET_PATHS = "\"FoodDesaign/Preview Content\"";
				DEVELOPMENT_TEAM = W2U4CD5AB8;
				ENABLE_PREVIEWS = YES;
				GENERATE_INFOPLIST_FILE = YES;
				INFOPLIST_KEY_UIApplicationSceneManifest_Generation = YES;
				INFOPLIST_KEY_UIApplicationSupportsIndirectInputEvents = YES;
				INFOPLIST_KEY_UILaunchScreen_Generation = YES;
				INFOPLIST_KEY_UISupportedInterfaceOrientations_iPad = "UIInterfaceOrientationPortrait UIInterfaceOrientationPortraitUpsideDown UIInterfaceOrientationLandscapeLeft UIInterfaceOrientationLandscapeRight";
				INFOPLIST_KEY_UISupportedInterfaceOrientations_iPhone = "UIInterfaceOrientationPortrait UIInterfaceOrientationLandscapeLeft UIInterfaceOrientationLandscapeRight";
				LD_RUNPATH_SEARCH_PATHS = (
					"$(inherited)",
					"@executable_path/Frameworks",
				);
				MARKETING_VERSION = 1.0;
				PRODUCT_BUNDLE_IDENTIFIER = com.Solfa.FoodDesaign;
				PRODUCT_NAME = "$(TARGET_NAME)";
				SWIFT_EMIT_LOC_STRINGS = YES;
				SWIFT_VERSION = 5.0;
				TARGETED_DEVICE_FAMILY = "1,2";
			};
			name = Release;
		};
/* End XCBuildConfiguration section */

/* Begin XCConfigurationList section */
		B79DB7F72A8C09E500809BCB /* Build configuration list for PBXProject "FoodDesaign" */ = {
			isa = XCConfigurationList;
			buildConfigurations = (
				B79DB8082A8C09E700809BCB /* Debug */,
				B79DB8092A8C09E700809BCB /* Release */,
			);
			defaultConfigurationIsVisible = 0;
			defaultConfigurationName = Release;
		};
		B79DB80A2A8C09E700809BCB /* Build configuration list for PBXNativeTarget "FoodDesaign" */ = {
			isa = XCConfigurationList;
			buildConfigurations = (
				B79DB80B2A8C09E700809BCB /* Debug */,
				B79DB80C2A8C09E700809BCB /* Release */,
			);
			defaultConfigurationIsVisible = 0;
			defaultConfigurationName = Release;
		};
/* End XCConfigurationList section */
	};
	rootObject = B79DB7F42A8C09E500809BCB /* Project object */;
}
